// !$*UTF8*$!
{
	archiveVersion = 1;
	classes = {
	};
	objectVersion = 46;
	objects = {

/* Begin PBXGroup section */
		7B886CA31AEAAF84007C779D = {
			isa = PBXGroup;
			children = (
			);
			sourceTree = "<group>";
		};
/* End PBXGroup section */

/* Begin PBXProject section */
		7B886CA41AEAAF84007C779D /* Project object */ = {
			isa = PBXProject;
			attributes = {
				LastUpgradeCheck = 0620;
			};
			buildConfigurationList = 7B886CA71AEAAF84007C779D /* Build configuration list for PBXProject "NetworkEvolution3" */;
			compatibilityVersion = "Xcode 3.2";
			developmentRegion = English;
			hasScannedForEncodings = 0;
			knownRegions = (
				en,
			);
			mainGroup = 7B886CA31AEAAF84007C779D;
			projectDirPath = "";
			projectRoot = "";
			targets = (
			);
		};
/* End PBXProject section */

/* Begin XCBuildConfiguration section */
		7B886CA81AEAAF84007C779D /* Debug */ = {
			isa = XCBuildConfiguration;
			buildSettings = {
			};
			name = Debug;
		};
		7B886CA91AEAAF84007C779D /* Release */ = {
			isa = XCBuildConfiguration;
			buildSettings = {
			};
			name = Release;
		};
/* End XCBuildConfiguration section */

/* Begin XCConfigurationList section */
		7B886CA71AEAAF84007C779D /* Build configuration list for PBXProject "NetworkEvolution3" */ = {
			isa = XCConfigurationList;
			buildConfigurations = (
				7B886CA81AEAAF84007C779D /* Debug */,
				7B886CA91AEAAF84007C779D /* Release */,
			);
			defaultConfigurationIsVisible = 0;
			defaultConfigurationName = Release;
		};
/* End XCConfigurationList section */
	};
	rootObject = 7B886CA41AEAAF84007C779D /* Project object */;
}
