<?xml version="1.0" encoding="UTF-8"?>
<Scheme
   LastUpgradeVersion = "0620"
   version = "1.3">
   <BuildAction
      parallelizeBuildables = "YES"
      buildImplicitDependencies = "YES">
      <BuildActionEntries>
         <BuildActionEntry
            buildForTesting = "YES"
            buildForRunning = "YES"
            buildForProfiling = "YES"
            buildForArchiving = "YES"
            buildForAnalyzing = "YES">
            <BuildableReference
               BuildableIdentifier = "primary"
               BlueprintIdentifier = "7BFF3C8A1AE6FC2700965291"
               BuildableName = "NetworkEvo"
               BlueprintName = "NetworkEvo"
               ReferencedContainer = "container:NetworkEvolution2.xcodeproj">
            </BuildableReference>
         </BuildActionEntry>
      </BuildActionEntries>
   </BuildAction>
   <TestAction
      selectedDebuggerIdentifier = "Xcode.DebuggerFoundation.Debugger.LLDB"
      selectedLauncherIdentifier = "Xcode.DebuggerFoundation.Launcher.LLDB"
      shouldUseLaunchSchemeArgsEnv = "YES"
      buildConfiguration = "Debug">
      <Testables>
      </Testables>
      <MacroExpansion>
         <BuildableReference
            BuildableIdentifier = "primary"
            BlueprintIdentifier = "7BFF3C8A1AE6FC2700965291"
            BuildableName = "NetworkEvo"
            BlueprintName = "NetworkEvo"
            ReferencedContainer = "container:NetworkEvolution2.xcodeproj">
         </BuildableReference>
      </MacroExpansion>
   </TestAction>
   <LaunchAction
      selectedDebuggerIdentifier = "Xcode.DebuggerFoundation.Debugger.LLDB"
      selectedLauncherIdentifier = "Xcode.DebuggerFoundation.Launcher.LLDB"
      launchStyle = "0"
      useCustomWorkingDirectory = "YES"
      customWorkingDirectory = "/Users/tylerhether/Projects/09-NetworkEvolutioncpp/NetworkEvolution/NetworkEvolution2"
      buildConfiguration = "Debug"
      ignoresPersistentStateOnLaunch = "NO"
      debugDocumentVersioning = "YES"
      allowLocationSimulation = "YES">
      <BuildableProductRunnable
         runnableDebuggingMode = "0">
         <BuildableReference
            BuildableIdentifier = "primary"
            BlueprintIdentifier = "7BFF3C8A1AE6FC2700965291"
            BuildableName = "NetworkEvo"
            BlueprintName = "NetworkEvo"
            ReferencedContainer = "container:NetworkEvolution2.xcodeproj">
         </BuildableReference>
      </BuildableProductRunnable>
      <CommandLineArguments>
         <CommandLineArgument
            argument = "/Users/tylerhether/Projects/09-NetworkEvolutioncpp/NetworkEvolution/NetworkEvolution2/Input.txt"
            isEnabled = "NO">
         </CommandLineArgument>
         <CommandLineArgument
            argument = "-npops 2"
            isEnabled = "YES">
         </CommandLineArgument>
         <CommandLineArgument
            argument = "-i 1000"
            isEnabled = "YES">
         </CommandLineArgument>
         <CommandLineArgument
            argument = "-gen 10000"
            isEnabled = "YES">
         </CommandLineArgument>
         <CommandLineArgument
            argument = "-mu 0.02"
            isEnabled = "YES">
         </CommandLineArgument>
         <CommandLineArgument
            argument = "-mu_var 0.1"
            isEnabled = "YES">
         </CommandLineArgument>
         <CommandLineArgument
            argument = "-reg_mu 0.0002"
            isEnabled = "YES">
         </CommandLineArgument>
         <CommandLineArgument
            argument = "-m_rate 0.0"
            isEnabled = "YES">
         </CommandLineArgument>
         <CommandLineArgument
            argument = "-x_start 300"
            isEnabled = "YES">
         </CommandLineArgument>
         <CommandLineArgument
            argument = "-y_start 300"
            isEnabled = "YES">
         </CommandLineArgument>
         <CommandLineArgument
            argument = "-x_opt 500"
            isEnabled = "YES">
         </CommandLineArgument>
         <CommandLineArgument
            argument = "-y_opt 500"
            isEnabled = "YES">
         </CommandLineArgument>
         <CommandLineArgument
            argument = "-start_network 1111"
            isEnabled = "YES">
         </CommandLineArgument>
         <CommandLineArgument
            argument = "-sel_var 1000"
            isEnabled = "YES">
         </CommandLineArgument>
         <CommandLineArgument
            argument = "-sel_covar 0"
            isEnabled = "YES">
         </CommandLineArgument>
         <CommandLineArgument
            argument = "-rec 0.5"
            isEnabled = "YES">
         </CommandLineArgument>
         <CommandLineArgument
            argument = "-theta 300.0"
            isEnabled = "YES">
         </CommandLineArgument>
         <CommandLineArgument
            argument = "-gamma 1.0"
            isEnabled = "YES">
         </CommandLineArgument>
         <CommandLineArgument
            argument = "-model &apos;B&apos;"
            isEnabled = "YES">
         </CommandLineArgument>
         <CommandLineArgument
            argument = "-start_deviation 2.0"
            isEnabled = "YES">
         </CommandLineArgument>
         <CommandLineArgument
            argument = "-selection_mode 1"
            isEnabled = "YES">
         </CommandLineArgument>
         <CommandLineArgument
            argument = "-output_freq 10"
            isEnabled = "YES">
         </CommandLineArgument>
      </CommandLineArguments>
      <EnvironmentVariables>
         <EnvironmentVariable
            key = "std"
            value = "c++11"
            isEnabled = "YES">
         </EnvironmentVariable>
         <EnvironmentVariable
            key = "larmadillo"
            value = ""
            isEnabled = "NO">
         </EnvironmentVariable>
         <EnvironmentVariable
            key = "I"
            value = "./"
            isEnabled = "NO">
         </EnvironmentVariable>
         <EnvironmentVariable
            key = "framework"
            value = "Accelerate"
            isEnabled = "NO">
         </EnvironmentVariable>
         <EnvironmentVariable
            key = "NSZombieEnabled"
            value = "YES"
            isEnabled = "NO">
         </EnvironmentVariable>
         <EnvironmentVariable
            key = "DARMA_DONT_USE_WRAPPER"
            value = ""
            isEnabled = "NO">
         </EnvironmentVariable>
         <EnvironmentVariable
            key = "O2"
            value = ""
            isEnabled = "NO">
         </EnvironmentVariable>
      </EnvironmentVariables>
      <AdditionalOptions>
      </AdditionalOptions>
   </LaunchAction>
   <ProfileAction
      shouldUseLaunchSchemeArgsEnv = "YES"
      savedToolIdentifier = ""
      useCustomWorkingDirectory = "NO"
      buildConfiguration = "Release"
      debugDocumentVersioning = "YES">
      <BuildableProductRunnable
         runnableDebuggingMode = "0">
         <BuildableReference
            BuildableIdentifier = "primary"
            BlueprintIdentifier = "7BFF3C8A1AE6FC2700965291"
            BuildableName = "NetworkEvo"
            BlueprintName = "NetworkEvo"
            ReferencedContainer = "container:NetworkEvolution2.xcodeproj">
         </BuildableReference>
      </BuildableProductRunnable>
   </ProfileAction>
   <AnalyzeAction
      buildConfiguration = "Debug">
   </AnalyzeAction>
   <ArchiveAction
      buildConfiguration = "Release"
      revealArchiveInOrganizer = "YES">
   </ArchiveAction>
</Scheme>
